
Microsoft Visual Studio Solution File, Format Version 12.00
# Visual Studio Version 17
VisualStudioVersion = 17.5.002.0
MinimumVisualStudioVersion = 10.0.40219.1
Project("{9A19103F-16F7-4668-BE54-9A1E7A4F7556}") = "PierreBakery.Tests", "PierreBakery.Tests\PierreBakery.Tests.csproj", "{CFC12EA2-7E96-44E1-B4B1-1D12A4CBE205}"
EndProject
Project("{9A19103F-16F7-4668-BE54-9A1E7A4F7556}") = "PierreBakery", "PierreBakery\PierreBakery.csproj", "{A2F197CB-DA5D-4FA0-A499-283E558553ED}"
EndProject
Global
	GlobalSection(SolutionConfigurationPlatforms) = preSolution
		Debug|Any CPU = Debug|Any CPU
		Release|Any CPU = Release|Any CPU
	EndGlobalSection
	GlobalSection(ProjectConfigurationPlatforms) = postSolution
		{CFC12EA2-7E96-44E1-B4B1-1D12A4CBE205}.Debug|Any CPU.ActiveCfg = Debug|Any CPU
		{CFC12EA2-7E96-44E1-B4B1-1D12A4CBE205}.Debug|Any CPU.Build.0 = Debug|Any CPU
		{CFC12EA2-7E96-44E1-B4B1-1D12A4CBE205}.Release|Any CPU.ActiveCfg = Release|Any CPU
		{CFC12EA2-7E96-44E1-B4B1-1D12A4CBE205}.Release|Any CPU.Build.0 = Release|Any CPU
		{A2F197CB-DA5D-4FA0-A499-283E558553ED}.Debug|Any CPU.ActiveCfg = Debug|Any CPU
		{A2F197CB-DA5D-4FA0-A499-283E558553ED}.Debug|Any CPU.Build.0 = Debug|Any CPU
		{A2F197CB-DA5D-4FA0-A499-283E558553ED}.Release|Any CPU.ActiveCfg = Release|Any CPU
		{A2F197CB-DA5D-4FA0-A499-283E558553ED}.Release|Any CPU.Build.0 = Release|Any CPU
	EndGlobalSection
	GlobalSection(SolutionProperties) = preSolution
		HideSolutionNode = FALSE
	EndGlobalSection
	GlobalSection(ExtensibilityGlobals) = postSolution
		SolutionGuid = {F4AB94E0-EBE8-4E2B-A867-D251CF1F3EDA}
	EndGlobalSection
EndGlobal
